// !$*UTF8*$!
{
	archiveVersion = 1;
	classes = {
	};
	objectVersion = 50;
	objects = {

/* Begin PBXBuildFile section */
		B14CF2E1258F0C5F000AE39B /* AppDelegate.swift in Sources */ = {isa = PBXBuildFile; fileRef = B14CF2E0258F0C5F000AE39B /* AppDelegate.swift */; };
		B14CF2E3258F0C5F000AE39B /* SceneDelegate.swift in Sources */ = {isa = PBXBuildFile; fileRef = B14CF2E2258F0C5F000AE39B /* SceneDelegate.swift */; };
		B14CF2EA258F0C62000AE39B /* Assets.xcassets in Resources */ = {isa = PBXBuildFile; fileRef = B14CF2E9258F0C62000AE39B /* Assets.xcassets */; };
		B14CF2ED258F0C62000AE39B /* LaunchScreen.storyboard in Resources */ = {isa = PBXBuildFile; fileRef = B14CF2EB258F0C62000AE39B /* LaunchScreen.storyboard */; };
		B14CF2F8258F0C62000AE39B /* GBShopTests.swift in Sources */ = {isa = PBXBuildFile; fileRef = B14CF2F7258F0C62000AE39B /* GBShopTests.swift */; };
		B14CF303258F0C62000AE39B /* GBShopUITests.swift in Sources */ = {isa = PBXBuildFile; fileRef = B14CF302258F0C62000AE39B /* GBShopUITests.swift */; };
		B14CF311258F0C84000AE39B /* .gitignore in Resources */ = {isa = PBXBuildFile; fileRef = B14CF310258F0C84000AE39B /* .gitignore */; };
/* End PBXBuildFile section */

/* Begin PBXContainerItemProxy section */
		B14CF2F4258F0C62000AE39B /* PBXContainerItemProxy */ = {
			isa = PBXContainerItemProxy;
			containerPortal = B14CF2D5258F0C5F000AE39B /* Project object */;
			proxyType = 1;
			remoteGlobalIDString = B14CF2DC258F0C5F000AE39B;
			remoteInfo = GBShop;
		};
		B14CF2FF258F0C62000AE39B /* PBXContainerItemProxy */ = {
			isa = PBXContainerItemProxy;
			containerPortal = B14CF2D5258F0C5F000AE39B /* Project object */;
			proxyType = 1;
			remoteGlobalIDString = B14CF2DC258F0C5F000AE39B;
			remoteInfo = GBShop;
		};
/* End PBXContainerItemProxy section */

/* Begin PBXFileReference section */
		B14CF2DD258F0C5F000AE39B /* GBShop.app */ = {isa = PBXFileReference; explicitFileType = wrapper.application; includeInIndex = 0; path = GBShop.app; sourceTree = BUILT_PRODUCTS_DIR; };
		B14CF2E0258F0C5F000AE39B /* AppDelegate.swift */ = {isa = PBXFileReference; lastKnownFileType = sourcecode.swift; path = AppDelegate.swift; sourceTree = "<group>"; };
		B14CF2E2258F0C5F000AE39B /* SceneDelegate.swift */ = {isa = PBXFileReference; lastKnownFileType = sourcecode.swift; path = SceneDelegate.swift; sourceTree = "<group>"; };
		B14CF2E9258F0C62000AE39B /* Assets.xcassets */ = {isa = PBXFileReference; lastKnownFileType = folder.assetcatalog; path = Assets.xcassets; sourceTree = "<group>"; };
		B14CF2EC258F0C62000AE39B /* Base */ = {isa = PBXFileReference; lastKnownFileType = file.storyboard; name = Base; path = Base.lproj/LaunchScreen.storyboard; sourceTree = "<group>"; };
		B14CF2EE258F0C62000AE39B /* Info.plist */ = {isa = PBXFileReference; lastKnownFileType = text.plist.xml; path = Info.plist; sourceTree = "<group>"; };
		B14CF2F3258F0C62000AE39B /* GBShopTests.xctest */ = {isa = PBXFileReference; explicitFileType = wrapper.cfbundle; includeInIndex = 0; path = GBShopTests.xctest; sourceTree = BUILT_PRODUCTS_DIR; };
		B14CF2F7258F0C62000AE39B /* GBShopTests.swift */ = {isa = PBXFileReference; lastKnownFileType = sourcecode.swift; path = GBShopTests.swift; sourceTree = "<group>"; };
		B14CF2F9258F0C62000AE39B /* Info.plist */ = {isa = PBXFileReference; lastKnownFileType = text.plist.xml; path = Info.plist; sourceTree = "<group>"; };
		B14CF2FE258F0C62000AE39B /* GBShopUITests.xctest */ = {isa = PBXFileReference; explicitFileType = wrapper.cfbundle; includeInIndex = 0; path = GBShopUITests.xctest; sourceTree = BUILT_PRODUCTS_DIR; };
		B14CF302258F0C62000AE39B /* GBShopUITests.swift */ = {isa = PBXFileReference; lastKnownFileType = sourcecode.swift; path = GBShopUITests.swift; sourceTree = "<group>"; };
		B14CF304258F0C63000AE39B /* Info.plist */ = {isa = PBXFileReference; lastKnownFileType = text.plist.xml; path = Info.plist; sourceTree = "<group>"; };
		B14CF310258F0C84000AE39B /* .gitignore */ = {isa = PBXFileReference; lastKnownFileType = text; path = .gitignore; sourceTree = "<group>"; };
/* End PBXFileReference section */

/* Begin PBXFrameworksBuildPhase section */
		B14CF2DA258F0C5F000AE39B /* Frameworks */ = {
			isa = PBXFrameworksBuildPhase;
			buildActionMask = 2147483647;
			files = (
			);
			runOnlyForDeploymentPostprocessing = 0;
		};
		B14CF2F0258F0C62000AE39B /* Frameworks */ = {
			isa = PBXFrameworksBuildPhase;
			buildActionMask = 2147483647;
			files = (
			);
			runOnlyForDeploymentPostprocessing = 0;
		};
		B14CF2FB258F0C62000AE39B /* Frameworks */ = {
			isa = PBXFrameworksBuildPhase;
			buildActionMask = 2147483647;
			files = (
			);
			runOnlyForDeploymentPostprocessing = 0;
		};
/* End PBXFrameworksBuildPhase section */

/* Begin PBXGroup section */
		B14CF2D4258F0C5F000AE39B = {
			isa = PBXGroup;
			children = (
				B14CF310258F0C84000AE39B /* .gitignore */,
				B14CF2DF258F0C5F000AE39B /* GBShop */,
				B14CF2F6258F0C62000AE39B /* GBShopTests */,
				B14CF301258F0C62000AE39B /* GBShopUITests */,
				B14CF2DE258F0C5F000AE39B /* Products */,
			);
			sourceTree = "<group>";
		};
		B14CF2DE258F0C5F000AE39B /* Products */ = {
			isa = PBXGroup;
			children = (
				B14CF2DD258F0C5F000AE39B /* GBShop.app */,
				B14CF2F3258F0C62000AE39B /* GBShopTests.xctest */,
				B14CF2FE258F0C62000AE39B /* GBShopUITests.xctest */,
			);
			name = Products;
			sourceTree = "<group>";
		};
		B14CF2DF258F0C5F000AE39B /* GBShop */ = {
			isa = PBXGroup;
			children = (
				B14CF318258F0D9F000AE39B /* App */,
				B14CF31B258F0DC0000AE39B /* Core */,
				B14CF31A258F0DB9000AE39B /* Resources */,
				B14CF319258F0DB1000AE39B /* Environments */,
			);
			path = GBShop;
			sourceTree = "<group>";
		};
		B14CF2F6258F0C62000AE39B /* GBShopTests */ = {
			isa = PBXGroup;
			children = (
				B14CF2F7258F0C62000AE39B /* GBShopTests.swift */,
				B14CF2F9258F0C62000AE39B /* Info.plist */,
			);
			path = GBShopTests;
			sourceTree = "<group>";
		};
		B14CF301258F0C62000AE39B /* GBShopUITests */ = {
			isa = PBXGroup;
			children = (
				B14CF302258F0C62000AE39B /* GBShopUITests.swift */,
				B14CF304258F0C63000AE39B /* Info.plist */,
			);
			path = GBShopUITests;
			sourceTree = "<group>";
		};
		B14CF318258F0D9F000AE39B /* App */ = {
			isa = PBXGroup;
			children = (
				B14CF2E0258F0C5F000AE39B /* AppDelegate.swift */,
				B14CF2E2258F0C5F000AE39B /* SceneDelegate.swift */,
				B14CF31F258F0DE1000AE39B /* BusinessLogic */,
				B14CF31E258F0DD9000AE39B /* Entity */,
				B14CF31D258F0DD1000AE39B /* Assembly */,
				B14CF31C258F0DC8000AE39B /* Flows */,
			);
			path = App;
			sourceTree = "<group>";
		};
		B14CF319258F0DB1000AE39B /* Environments */ = {
			isa = PBXGroup;
			children = (
				B14CF2EE258F0C62000AE39B /* Info.plist */,
			);
			path = Environments;
			sourceTree = "<group>";
		};
		B14CF31A258F0DB9000AE39B /* Resources */ = {
			isa = PBXGroup;
			children = (
				B14CF2E9258F0C62000AE39B /* Assets.xcassets */,
				B14CF2EB258F0C62000AE39B /* LaunchScreen.storyboard */,
			);
			path = Resources;
			sourceTree = "<group>";
		};
		B14CF31B258F0DC0000AE39B /* Core */ = {
			isa = PBXGroup;
			children = (
			);
			path = Core;
			sourceTree = "<group>";
		};
		B14CF31C258F0DC8000AE39B /* Flows */ = {
			isa = PBXGroup;
			children = (
			);
			path = Flows;
			sourceTree = "<group>";
		};
		B14CF31D258F0DD1000AE39B /* Assembly */ = {
			isa = PBXGroup;
			children = (
			);
			path = Assembly;
			sourceTree = "<group>";
		};
		B14CF31E258F0DD9000AE39B /* Entity */ = {
			isa = PBXGroup;
			children = (
			);
			path = Entity;
			sourceTree = "<group>";
		};
		B14CF31F258F0DE1000AE39B /* BusinessLogic */ = {
			isa = PBXGroup;
			children = (
			);
			path = BusinessLogic;
			sourceTree = "<group>";
		};
/* End PBXGroup section */

/* Begin PBXNativeTarget section */
		B14CF2DC258F0C5F000AE39B /* GBShop */ = {
			isa = PBXNativeTarget;
			buildConfigurationList = B14CF307258F0C63000AE39B /* Build configuration list for PBXNativeTarget "GBShop" */;
			buildPhases = (
				B14CF2D9258F0C5F000AE39B /* Sources */,
				B14CF2DA258F0C5F000AE39B /* Frameworks */,
				B14CF2DB258F0C5F000AE39B /* Resources */,
			);
			buildRules = (
			);
			dependencies = (
			);
			name = GBShop;
			productName = GBShop;
			productReference = B14CF2DD258F0C5F000AE39B /* GBShop.app */;
			productType = "com.apple.product-type.application";
		};
		B14CF2F2258F0C62000AE39B /* GBShopTests */ = {
			isa = PBXNativeTarget;
			buildConfigurationList = B14CF30A258F0C63000AE39B /* Build configuration list for PBXNativeTarget "GBShopTests" */;
			buildPhases = (
				B14CF2EF258F0C62000AE39B /* Sources */,
				B14CF2F0258F0C62000AE39B /* Frameworks */,
				B14CF2F1258F0C62000AE39B /* Resources */,
			);
			buildRules = (
			);
			dependencies = (
				B14CF2F5258F0C62000AE39B /* PBXTargetDependency */,
			);
			name = GBShopTests;
			productName = GBShopTests;
			productReference = B14CF2F3258F0C62000AE39B /* GBShopTests.xctest */;
			productType = "com.apple.product-type.bundle.unit-test";
		};
		B14CF2FD258F0C62000AE39B /* GBShopUITests */ = {
			isa = PBXNativeTarget;
			buildConfigurationList = B14CF30D258F0C63000AE39B /* Build configuration list for PBXNativeTarget "GBShopUITests" */;
			buildPhases = (
				B14CF2FA258F0C62000AE39B /* Sources */,
				B14CF2FB258F0C62000AE39B /* Frameworks */,
				B14CF2FC258F0C62000AE39B /* Resources */,
			);
			buildRules = (
			);
			dependencies = (
				B14CF300258F0C62000AE39B /* PBXTargetDependency */,
			);
			name = GBShopUITests;
			productName = GBShopUITests;
			productReference = B14CF2FE258F0C62000AE39B /* GBShopUITests.xctest */;
			productType = "com.apple.product-type.bundle.ui-testing";
		};
/* End PBXNativeTarget section */

/* Begin PBXProject section */
		B14CF2D5258F0C5F000AE39B /* Project object */ = {
			isa = PBXProject;
			attributes = {
				LastSwiftUpdateCheck = 1230;
				LastUpgradeCheck = 1230;
				TargetAttributes = {
					B14CF2DC258F0C5F000AE39B = {
						CreatedOnToolsVersion = 12.3;
					};
					B14CF2F2258F0C62000AE39B = {
						CreatedOnToolsVersion = 12.3;
						TestTargetID = B14CF2DC258F0C5F000AE39B;
					};
					B14CF2FD258F0C62000AE39B = {
						CreatedOnToolsVersion = 12.3;
						TestTargetID = B14CF2DC258F0C5F000AE39B;
					};
				};
			};
			buildConfigurationList = B14CF2D8258F0C5F000AE39B /* Build configuration list for PBXProject "GBShop" */;
			compatibilityVersion = "Xcode 9.3";
			developmentRegion = en;
			hasScannedForEncodings = 0;
			knownRegions = (
				en,
				Base,
			);
			mainGroup = B14CF2D4258F0C5F000AE39B;
			productRefGroup = B14CF2DE258F0C5F000AE39B /* Products */;
			projectDirPath = "";
			projectRoot = "";
			targets = (
				B14CF2DC258F0C5F000AE39B /* GBShop */,
				B14CF2F2258F0C62000AE39B /* GBShopTests */,
				B14CF2FD258F0C62000AE39B /* GBShopUITests */,
			);
		};
/* End PBXProject section */

/* Begin PBXResourcesBuildPhase section */
		B14CF2DB258F0C5F000AE39B /* Resources */ = {
			isa = PBXResourcesBuildPhase;
			buildActionMask = 2147483647;
			files = (
				B14CF311258F0C84000AE39B /* .gitignore in Resources */,
				B14CF2ED258F0C62000AE39B /* LaunchScreen.storyboard in Resources */,
				B14CF2EA258F0C62000AE39B /* Assets.xcassets in Resources */,
			);
			runOnlyForDeploymentPostprocessing = 0;
		};
		B14CF2F1258F0C62000AE39B /* Resources */ = {
			isa = PBXResourcesBuildPhase;
			buildActionMask = 2147483647;
			files = (
			);
			runOnlyForDeploymentPostprocessing = 0;
		};
		B14CF2FC258F0C62000AE39B /* Resources */ = {
			isa = PBXResourcesBuildPhase;
			buildActionMask = 2147483647;
			files = (
			);
			runOnlyForDeploymentPostprocessing = 0;
		};
/* End PBXResourcesBuildPhase section */

/* Begin PBXSourcesBuildPhase section */
		B14CF2D9258F0C5F000AE39B /* Sources */ = {
			isa = PBXSourcesBuildPhase;
			buildActionMask = 2147483647;
			files = (
				B14CF2E1258F0C5F000AE39B /* AppDelegate.swift in Sources */,
				B14CF2E3258F0C5F000AE39B /* SceneDelegate.swift in Sources */,
			);
			runOnlyForDeploymentPostprocessing = 0;
		};
		B14CF2EF258F0C62000AE39B /* Sources */ = {
			isa = PBXSourcesBuildPhase;
			buildActionMask = 2147483647;
			files = (
				B14CF2F8258F0C62000AE39B /* GBShopTests.swift in Sources */,
			);
			runOnlyForDeploymentPostprocessing = 0;
		};
		B14CF2FA258F0C62000AE39B /* Sources */ = {
			isa = PBXSourcesBuildPhase;
			buildActionMask = 2147483647;
			files = (
				B14CF303258F0C62000AE39B /* GBShopUITests.swift in Sources */,
			);
			runOnlyForDeploymentPostprocessing = 0;
		};
/* End PBXSourcesBuildPhase section */

/* Begin PBXTargetDependency section */
		B14CF2F5258F0C62000AE39B /* PBXTargetDependency */ = {
			isa = PBXTargetDependency;
			target = B14CF2DC258F0C5F000AE39B /* GBShop */;
			targetProxy = B14CF2F4258F0C62000AE39B /* PBXContainerItemProxy */;
		};
		B14CF300258F0C62000AE39B /* PBXTargetDependency */ = {
			isa = PBXTargetDependency;
			target = B14CF2DC258F0C5F000AE39B /* GBShop */;
			targetProxy = B14CF2FF258F0C62000AE39B /* PBXContainerItemProxy */;
		};
/* End PBXTargetDependency section */

/* Begin PBXVariantGroup section */
		B14CF2EB258F0C62000AE39B /* LaunchScreen.storyboard */ = {
			isa = PBXVariantGroup;
			children = (
				B14CF2EC258F0C62000AE39B /* Base */,
			);
			name = LaunchScreen.storyboard;
			sourceTree = "<group>";
		};
/* End PBXVariantGroup section */

/* Begin XCBuildConfiguration section */
		B14CF305258F0C63000AE39B /* Debug */ = {
			isa = XCBuildConfiguration;
			buildSettings = {
				ALWAYS_SEARCH_USER_PATHS = NO;
				CLANG_ANALYZER_NONNULL = YES;
				CLANG_ANALYZER_NUMBER_OBJECT_CONVERSION = YES_AGGRESSIVE;
				CLANG_CXX_LANGUAGE_STANDARD = "gnu++14";
				CLANG_CXX_LIBRARY = "libc++";
				CLANG_ENABLE_MODULES = YES;
				CLANG_ENABLE_OBJC_ARC = YES;
				CLANG_ENABLE_OBJC_WEAK = YES;
				CLANG_WARN_BLOCK_CAPTURE_AUTORELEASING = YES;
				CLANG_WARN_BOOL_CONVERSION = YES;
				CLANG_WARN_COMMA = YES;
				CLANG_WARN_CONSTANT_CONVERSION = YES;
				CLANG_WARN_DEPRECATED_OBJC_IMPLEMENTATIONS = YES;
				CLANG_WARN_DIRECT_OBJC_ISA_USAGE = YES_ERROR;
				CLANG_WARN_DOCUMENTATION_COMMENTS = YES;
				CLANG_WARN_EMPTY_BODY = YES;
				CLANG_WARN_ENUM_CONVERSION = YES;
				CLANG_WARN_INFINITE_RECURSION = YES;
				CLANG_WARN_INT_CONVERSION = YES;
				CLANG_WARN_NON_LITERAL_NULL_CONVERSION = YES;
				CLANG_WARN_OBJC_IMPLICIT_RETAIN_SELF = YES;
				CLANG_WARN_OBJC_LITERAL_CONVERSION = YES;
				CLANG_WARN_OBJC_ROOT_CLASS = YES_ERROR;
				CLANG_WARN_QUOTED_INCLUDE_IN_FRAMEWORK_HEADER = YES;
				CLANG_WARN_RANGE_LOOP_ANALYSIS = YES;
				CLANG_WARN_STRICT_PROTOTYPES = YES;
				CLANG_WARN_SUSPICIOUS_MOVE = YES;
				CLANG_WARN_UNGUARDED_AVAILABILITY = YES_AGGRESSIVE;
				CLANG_WARN_UNREACHABLE_CODE = YES;
				CLANG_WARN__DUPLICATE_METHOD_MATCH = YES;
				COPY_PHASE_STRIP = NO;
				DEBUG_INFORMATION_FORMAT = dwarf;
				ENABLE_STRICT_OBJC_MSGSEND = YES;
				ENABLE_TESTABILITY = YES;
				GCC_C_LANGUAGE_STANDARD = gnu11;
				GCC_DYNAMIC_NO_PIC = NO;
				GCC_NO_COMMON_BLOCKS = YES;
				GCC_OPTIMIZATION_LEVEL = 0;
				GCC_PREPROCESSOR_DEFINITIONS = (
					"DEBUG=1",
					"$(inherited)",
				);
				GCC_WARN_64_TO_32_BIT_CONVERSION = YES;
				GCC_WARN_ABOUT_RETURN_TYPE = YES_ERROR;
				GCC_WARN_UNDECLARED_SELECTOR = YES;
				GCC_WARN_UNINITIALIZED_AUTOS = YES_AGGRESSIVE;
				GCC_WARN_UNUSED_FUNCTION = YES;
				GCC_WARN_UNUSED_VARIABLE = YES;
				IPHONEOS_DEPLOYMENT_TARGET = 14.0;
				MTL_ENABLE_DEBUG_INFO = INCLUDE_SOURCE;
				MTL_FAST_MATH = YES;
				ONLY_ACTIVE_ARCH = YES;
				SDKROOT = iphoneos;
				SWIFT_ACTIVE_COMPILATION_CONDITIONS = DEBUG;
				SWIFT_OPTIMIZATION_LEVEL = "-Onone";
			};
			name = Debug;
		};
		B14CF306258F0C63000AE39B /* Release */ = {
			isa = XCBuildConfiguration;
			buildSettings = {
				ALWAYS_SEARCH_USER_PATHS = NO;
				CLANG_ANALYZER_NONNULL = YES;
				CLANG_ANALYZER_NUMBER_OBJECT_CONVERSION = YES_AGGRESSIVE;
				CLANG_CXX_LANGUAGE_STANDARD = "gnu++14";
				CLANG_CXX_LIBRARY = "libc++";
				CLANG_ENABLE_MODULES = YES;
				CLANG_ENABLE_OBJC_ARC = YES;
				CLANG_ENABLE_OBJC_WEAK = YES;
				CLANG_WARN_BLOCK_CAPTURE_AUTORELEASING = YES;
				CLANG_WARN_BOOL_CONVERSION = YES;
				CLANG_WARN_COMMA = YES;
				CLANG_WARN_CONSTANT_CONVERSION = YES;
				CLANG_WARN_DEPRECATED_OBJC_IMPLEMENTATIONS = YES;
				CLANG_WARN_DIRECT_OBJC_ISA_USAGE = YES_ERROR;
				CLANG_WARN_DOCUMENTATION_COMMENTS = YES;
				CLANG_WARN_EMPTY_BODY = YES;
				CLANG_WARN_ENUM_CONVERSION = YES;
				CLANG_WARN_INFINITE_RECURSION = YES;
				CLANG_WARN_INT_CONVERSION = YES;
				CLANG_WARN_NON_LITERAL_NULL_CONVERSION = YES;
				CLANG_WARN_OBJC_IMPLICIT_RETAIN_SELF = YES;
				CLANG_WARN_OBJC_LITERAL_CONVERSION = YES;
				CLANG_WARN_OBJC_ROOT_CLASS = YES_ERROR;
				CLANG_WARN_QUOTED_INCLUDE_IN_FRAMEWORK_HEADER = YES;
				CLANG_WARN_RANGE_LOOP_ANALYSIS = YES;
				CLANG_WARN_STRICT_PROTOTYPES = YES;
				CLANG_WARN_SUSPICIOUS_MOVE = YES;
				CLANG_WARN_UNGUARDED_AVAILABILITY = YES_AGGRESSIVE;
				CLANG_WARN_UNREACHABLE_CODE = YES;
				CLANG_WARN__DUPLICATE_METHOD_MATCH = YES;
				COPY_PHASE_STRIP = NO;
				DEBUG_INFORMATION_FORMAT = "dwarf-with-dsym";
				ENABLE_NS_ASSERTIONS = NO;
				ENABLE_STRICT_OBJC_MSGSEND = YES;
				GCC_C_LANGUAGE_STANDARD = gnu11;
				GCC_NO_COMMON_BLOCKS = YES;
				GCC_WARN_64_TO_32_BIT_CONVERSION = YES;
				GCC_WARN_ABOUT_RETURN_TYPE = YES_ERROR;
				GCC_WARN_UNDECLARED_SELECTOR = YES;
				GCC_WARN_UNINITIALIZED_AUTOS = YES_AGGRESSIVE;
				GCC_WARN_UNUSED_FUNCTION = YES;
				GCC_WARN_UNUSED_VARIABLE = YES;
				IPHONEOS_DEPLOYMENT_TARGET = 14.0;
				MTL_ENABLE_DEBUG_INFO = NO;
				MTL_FAST_MATH = YES;
				SDKROOT = iphoneos;
				SWIFT_COMPILATION_MODE = wholemodule;
				SWIFT_OPTIMIZATION_LEVEL = "-O";
				VALIDATE_PRODUCT = YES;
			};
			name = Release;
		};
		B14CF308258F0C63000AE39B /* Debug */ = {
			isa = XCBuildConfiguration;
			buildSettings = {
				ASSETCATALOG_COMPILER_APPICON_NAME = AppIcon;
				ASSETCATALOG_COMPILER_GLOBAL_ACCENT_COLOR_NAME = AccentColor;
				CODE_SIGN_STYLE = Automatic;
				DEVELOPMENT_TEAM = T2HBBQ5KF9;
				INFOPLIST_FILE = GBShop/Environments/Info.plist;
				IPHONEOS_DEPLOYMENT_TARGET = 14.0;
				LD_RUNPATH_SEARCH_PATHS = (
					"$(inherited)",
					"@executable_path/Frameworks",
				);
				PRODUCT_BUNDLE_IDENTIFIER = home.GBShop;
				PRODUCT_NAME = "$(TARGET_NAME)";
				SWIFT_VERSION = 5.0;
				TARGETED_DEVICE_FAMILY = "1,2";
			};
			name = Debug;
		};
		B14CF309258F0C63000AE39B /* Release */ = {
			isa = XCBuildConfiguration;
			buildSettings = {
				ASSETCATALOG_COMPILER_APPICON_NAME = AppIcon;
				ASSETCATALOG_COMPILER_GLOBAL_ACCENT_COLOR_NAME = AccentColor;
				CODE_SIGN_STYLE = Automatic;
				DEVELOPMENT_TEAM = T2HBBQ5KF9;
				INFOPLIST_FILE = GBShop/Environments/Info.plist;
				IPHONEOS_DEPLOYMENT_TARGET = 14.0;
				LD_RUNPATH_SEARCH_PATHS = (
					"$(inherited)",
					"@executable_path/Frameworks",
				);
				PRODUCT_BUNDLE_IDENTIFIER = home.GBShop;
				PRODUCT_NAME = "$(TARGET_NAME)";
				SWIFT_VERSION = 5.0;
				TARGETED_DEVICE_FAMILY = "1,2";
			};
			name = Release;
		};
		B14CF30B258F0C63000AE39B /* Debug */ = {
			isa = XCBuildConfiguration;
			buildSettings = {
				ALWAYS_EMBED_SWIFT_STANDARD_LIBRARIES = YES;
				BUNDLE_LOADER = "$(TEST_HOST)";
				CODE_SIGN_STYLE = Automatic;
				DEVELOPMENT_TEAM = T2HBBQ5KF9;
				INFOPLIST_FILE = GBShopTests/Info.plist;
				IPHONEOS_DEPLOYMENT_TARGET = 14.3;
				LD_RUNPATH_SEARCH_PATHS = (
					"$(inherited)",
					"@executable_path/Frameworks",
					"@loader_path/Frameworks",
				);
				PRODUCT_BUNDLE_IDENTIFIER = home.GBShopTests;
				PRODUCT_NAME = "$(TARGET_NAME)";
				SWIFT_VERSION = 5.0;
				TARGETED_DEVICE_FAMILY = "1,2";
				TEST_HOST = "$(BUILT_PRODUCTS_DIR)/GBShop.app/GBShop";
			};
			name = Debug;
		};
		B14CF30C258F0C63000AE39B /* Release */ = {
			isa = XCBuildConfiguration;
			buildSettings = {
				ALWAYS_EMBED_SWIFT_STANDARD_LIBRARIES = YES;
				BUNDLE_LOADER = "$(TEST_HOST)";
				CODE_SIGN_STYLE = Automatic;
				DEVELOPMENT_TEAM = T2HBBQ5KF9;
				INFOPLIST_FILE = GBShopTests/Info.plist;
				IPHONEOS_DEPLOYMENT_TARGET = 14.3;
				LD_RUNPATH_SEARCH_PATHS = (
					"$(inherited)",
					"@executable_path/Frameworks",
					"@loader_path/Frameworks",
				);
				PRODUCT_BUNDLE_IDENTIFIER = home.GBShopTests;
				PRODUCT_NAME = "$(TARGET_NAME)";
				SWIFT_VERSION = 5.0;
				TARGETED_DEVICE_FAMILY = "1,2";
				TEST_HOST = "$(BUILT_PRODUCTS_DIR)/GBShop.app/GBShop";
			};
			name = Release;
		};
		B14CF30E258F0C63000AE39B /* Debug */ = {
			isa = XCBuildConfiguration;
			buildSettings = {
				ALWAYS_EMBED_SWIFT_STANDARD_LIBRARIES = YES;
				CODE_SIGN_STYLE = Automatic;
				DEVELOPMENT_TEAM = T2HBBQ5KF9;
				INFOPLIST_FILE = GBShopUITests/Info.plist;
				LD_RUNPATH_SEARCH_PATHS = (
					"$(inherited)",
					"@executable_path/Frameworks",
					"@loader_path/Frameworks",
				);
				PRODUCT_BUNDLE_IDENTIFIER = home.GBShopUITests;
				PRODUCT_NAME = "$(TARGET_NAME)";
				SWIFT_VERSION = 5.0;
				TARGETED_DEVICE_FAMILY = "1,2";
				TEST_TARGET_NAME = GBShop;
			};
			name = Debug;
		};
		B14CF30F258F0C63000AE39B /* Release */ = {
			isa = XCBuildConfiguration;
			buildSettings = {
				ALWAYS_EMBED_SWIFT_STANDARD_LIBRARIES = YES;
				CODE_SIGN_STYLE = Automatic;
				DEVELOPMENT_TEAM = T2HBBQ5KF9;
				INFOPLIST_FILE = GBShopUITests/Info.plist;
				LD_RUNPATH_SEARCH_PATHS = (
					"$(inherited)",
					"@executable_path/Frameworks",
					"@loader_path/Frameworks",
				);
				PRODUCT_BUNDLE_IDENTIFIER = home.GBShopUITests;
				PRODUCT_NAME = "$(TARGET_NAME)";
				SWIFT_VERSION = 5.0;
				TARGETED_DEVICE_FAMILY = "1,2";
				TEST_TARGET_NAME = GBShop;
			};
			name = Release;
		};
/* End XCBuildConfiguration section */

/* Begin XCConfigurationList section */
		B14CF2D8258F0C5F000AE39B /* Build configuration list for PBXProject "GBShop" */ = {
			isa = XCConfigurationList;
			buildConfigurations = (
				B14CF305258F0C63000AE39B /* Debug */,
				B14CF306258F0C63000AE39B /* Release */,
			);
			defaultConfigurationIsVisible = 0;
			defaultConfigurationName = Release;
		};
		B14CF307258F0C63000AE39B /* Build configuration list for PBXNativeTarget "GBShop" */ = {
			isa = XCConfigurationList;
			buildConfigurations = (
				B14CF308258F0C63000AE39B /* Debug */,
				B14CF309258F0C63000AE39B /* Release */,
			);
			defaultConfigurationIsVisible = 0;
			defaultConfigurationName = Release;
		};
		B14CF30A258F0C63000AE39B /* Build configuration list for PBXNativeTarget "GBShopTests" */ = {
			isa = XCConfigurationList;
			buildConfigurations = (
				B14CF30B258F0C63000AE39B /* Debug */,
				B14CF30C258F0C63000AE39B /* Release */,
			);
			defaultConfigurationIsVisible = 0;
			defaultConfigurationName = Release;
		};
		B14CF30D258F0C63000AE39B /* Build configuration list for PBXNativeTarget "GBShopUITests" */ = {
			isa = XCConfigurationList;
			buildConfigurations = (
				B14CF30E258F0C63000AE39B /* Debug */,
				B14CF30F258F0C63000AE39B /* Release */,
			);
			defaultConfigurationIsVisible = 0;
			defaultConfigurationName = Release;
		};
/* End XCConfigurationList section */
	};
	rootObject = B14CF2D5258F0C5F000AE39B /* Project object */;
}
